// !$*UTF8*$!
{
	archiveVersion = 1;
	classes = {
	};
	objectVersion = 46;
	objects = {

/* Begin PBXBuildFile section */
		203317941C0E6D7200FFD8C0 /* main.swift in Sources */ = {isa = PBXBuildFile; fileRef = 203317931C0E6D7200FFD8C0 /* main.swift */; };
		204482941C2000DD0045D999 /* Player.swift in Sources */ = {isa = PBXBuildFile; fileRef = 204482931C2000DD0045D999 /* Player.swift */; };
		204482961C2002610045D999 /* Menus.swift in Sources */ = {isa = PBXBuildFile; fileRef = 204482951C2002610045D999 /* Menus.swift */; };
		204482981C2002710045D999 /* Human Player.swift in Sources */ = {isa = PBXBuildFile; fileRef = 204482971C2002710045D999 /* Human Player.swift */; };
		2044829A1C2002820045D999 /* Computer Player.swift in Sources */ = {isa = PBXBuildFile; fileRef = 204482991C2002820045D999 /* Computer Player.swift */; };
		205B86341C1435F8003557D5 /* A_Swift_Test.swift in Sources */ = {isa = PBXBuildFile; fileRef = 205B86331C1435F8003557D5 /* A_Swift_Test.swift */; };
		205B86391C143601003557D5 /* CardTest.swift in Sources */ = {isa = PBXBuildFile; fileRef = 205B862B1C143514003557D5 /* CardTest.swift */; };
		205B863B1C15413D003557D5 /* Hand.swift in Sources */ = {isa = PBXBuildFile; fileRef = 205B863A1C15413D003557D5 /* Hand.swift */; };
		205B863D1C154145003557D5 /* Deck.swift in Sources */ = {isa = PBXBuildFile; fileRef = 205B863C1C154145003557D5 /* Deck.swift */; };
		205B86401C15593B003557D5 /* Rank.swift in Sources */ = {isa = PBXBuildFile; fileRef = 205B863F1C15593B003557D5 /* Rank.swift */; };
		205B86421C155943003557D5 /* Suit.swift in Sources */ = {isa = PBXBuildFile; fileRef = 205B86411C155943003557D5 /* Suit.swift */; };
		205B86441C16201F003557D5 /* String-Bean Testin'.swift in Sources */ = {isa = PBXBuildFile; fileRef = 205B86431C16201F003557D5 /* String-Bean Testin'.swift */; };
		207CCA031C1CE9AC0019E028 /* Card Collection.swift in Sources */ = {isa = PBXBuildFile; fileRef = 207CCA021C1CE9AC0019E028 /* Card Collection.swift */; };
		207CCA051C1FF8760019E028 /* Trick.swift in Sources */ = {isa = PBXBuildFile; fileRef = 207CCA041C1FF8750019E028 /* Trick.swift */; };
		20FAE5061C12AC2300C36D53 /* Card.swift in Sources */ = {isa = PBXBuildFile; fileRef = 20FAE5051C12AC2300C36D53 /* Card.swift */; };
/* End PBXBuildFile section */

/* Begin PBXCopyFilesBuildPhase section */
		2033178E1C0E6D7200FFD8C0 /* CopyFiles */ = {
			isa = PBXCopyFilesBuildPhase;
			buildActionMask = 2147483647;
			dstPath = /usr/share/man/man1/;
			dstSubfolderSpec = 0;
			files = (
			);
			runOnlyForDeploymentPostprocessing = 1;
		};
/* End PBXCopyFilesBuildPhase section */

/* Begin PBXFileReference section */
		202884B61C0EC48B000E92EE /* Testing Lab 001.playground */ = {isa = PBXFileReference; lastKnownFileType = file.playground; path = "Testing Lab 001.playground"; sourceTree = SOURCE_ROOT; };
		203317901C0E6D7200FFD8C0 /* Swift Euchre */ = {isa = PBXFileReference; explicitFileType = "compiled.mach-o.executable"; includeInIndex = 0; path = "Swift Euchre"; sourceTree = BUILT_PRODUCTS_DIR; };
		203317931C0E6D7200FFD8C0 /* main.swift */ = {isa = PBXFileReference; lastKnownFileType = sourcecode.swift; path = main.swift; sourceTree = "<group>"; };
		204482931C2000DD0045D999 /* Player.swift */ = {isa = PBXFileReference; fileEncoding = 4; lastKnownFileType = sourcecode.swift; path = Player.swift; sourceTree = "<group>"; };
		204482951C2002610045D999 /* Menus.swift */ = {isa = PBXFileReference; fileEncoding = 4; lastKnownFileType = sourcecode.swift; path = Menus.swift; sourceTree = "<group>"; };
		204482971C2002710045D999 /* Human Player.swift */ = {isa = PBXFileReference; fileEncoding = 4; lastKnownFileType = sourcecode.swift; name = "Human Player.swift"; path = "IO/Human/Human Player.swift"; sourceTree = "<group>"; };
		204482991C2002820045D999 /* Computer Player.swift */ = {isa = PBXFileReference; fileEncoding = 4; lastKnownFileType = sourcecode.swift; name = "Computer Player.swift"; path = "IO/Computer/Computer Player.swift"; sourceTree = "<group>"; };
		205B862B1C143514003557D5 /* CardTest.swift */ = {isa = PBXFileReference; fileEncoding = 4; lastKnownFileType = sourcecode.swift; name = CardTest.swift; path = Testing/CardTest.swift; sourceTree = SOURCE_ROOT; };
		205B86311C1435F8003557D5 /* A Swift Test.xctest */ = {isa = PBXFileReference; explicitFileType = wrapper.cfbundle; includeInIndex = 0; path = "A Swift Test.xctest"; sourceTree = BUILT_PRODUCTS_DIR; };
		205B86331C1435F8003557D5 /* A_Swift_Test.swift */ = {isa = PBXFileReference; lastKnownFileType = sourcecode.swift; path = A_Swift_Test.swift; sourceTree = "<group>"; };
		205B86351C1435F8003557D5 /* Info.plist */ = {isa = PBXFileReference; lastKnownFileType = text.plist.xml; path = Info.plist; sourceTree = "<group>"; };
		205B863A1C15413D003557D5 /* Hand.swift */ = {isa = PBXFileReference; fileEncoding = 4; lastKnownFileType = sourcecode.swift; name = Hand.swift; path = "Card Core/Hand.swift"; sourceTree = "<group>"; };
		205B863C1C154145003557D5 /* Deck.swift */ = {isa = PBXFileReference; fileEncoding = 4; lastKnownFileType = sourcecode.swift; lineEnding = 0; name = Deck.swift; path = "Card Core/Deck.swift"; sourceTree = "<group>"; xcLanguageSpecificationIdentifier = xcode.lang.swift; };
		205B863F1C15593B003557D5 /* Rank.swift */ = {isa = PBXFileReference; fileEncoding = 4; lastKnownFileType = sourcecode.swift; lineEnding = 0; name = Rank.swift; path = "Card Core/Rank.swift"; sourceTree = "<group>"; xcLanguageSpecificationIdentifier = xcode.lang.swift; };
		205B86411C155943003557D5 /* Suit.swift */ = {isa = PBXFileReference; fileEncoding = 4; lastKnownFileType = sourcecode.swift; lineEnding = 0; name = Suit.swift; path = "Card Core/Suit.swift"; sourceTree = "<group>"; xcLanguageSpecificationIdentifier = xcode.lang.swift; };
		205B86431C16201F003557D5 /* String-Bean Testin'.swift */ = {isa = PBXFileReference; fileEncoding = 4; lastKnownFileType = sourcecode.swift; name = "String-Bean Testin'.swift"; path = "Testing/String-Bean Testin'.swift"; sourceTree = SOURCE_ROOT; };
		207CCA021C1CE9AC0019E028 /* Card Collection.swift */ = {isa = PBXFileReference; fileEncoding = 4; lastKnownFileType = sourcecode.swift; name = "Card Collection.swift"; path = "Card Core/Card Collection.swift"; sourceTree = "<group>"; };
		207CCA041C1FF8750019E028 /* Trick.swift */ = {isa = PBXFileReference; fileEncoding = 4; lastKnownFileType = sourcecode.swift; name = Trick.swift; path = "Card Core/Trick.swift"; sourceTree = "<group>"; };
		20FAE5051C12AC2300C36D53 /* Card.swift */ = {isa = PBXFileReference; fileEncoding = 4; lastKnownFileType = sourcecode.swift; lineEnding = 0; name = Card.swift; path = "Card Core/Card.swift"; sourceTree = "<group>"; xcLanguageSpecificationIdentifier = xcode.lang.swift; };
/* End PBXFileReference section */

/* Begin PBXFrameworksBuildPhase section */
		2033178D1C0E6D7200FFD8C0 /* Frameworks */ = {
			isa = PBXFrameworksBuildPhase;
			buildActionMask = 2147483647;
			files = (
			);
			runOnlyForDeploymentPostprocessing = 0;
		};
		205B862E1C1435F7003557D5 /* Frameworks */ = {
			isa = PBXFrameworksBuildPhase;
			buildActionMask = 2147483647;
			files = (
			);
			runOnlyForDeploymentPostprocessing = 0;
		};
/* End PBXFrameworksBuildPhase section */

/* Begin PBXGroup section */
		203317871C0E6D7100FFD8C0 = {
			isa = PBXGroup;
			children = (
				205B862A1C1434D9003557D5 /* Testing */,
				203317921C0E6D7200FFD8C0 /* Swift Euchre */,
				205B86321C1435F8003557D5 /* A Swift Test */,
				203317911C0E6D7200FFD8C0 /* Products */,
			);
			sourceTree = "<group>";
		};
		203317911C0E6D7200FFD8C0 /* Products */ = {
			isa = PBXGroup;
			children = (
				203317901C0E6D7200FFD8C0 /* Swift Euchre */,
				205B86311C1435F8003557D5 /* A Swift Test.xctest */,
			);
			name = Products;
			sourceTree = "<group>";
		};
		203317921C0E6D7200FFD8C0 /* Swift Euchre */ = {
			isa = PBXGroup;
			children = (
				204482931C2000DD0045D999 /* Player.swift */,
				207CCA061C1FF88F0019E028 /* Controls */,
				205B863E1C155919003557D5 /* Card Core */,
				203317931C0E6D7200FFD8C0 /* main.swift */,
			);
			path = "Swift Euchre";
			sourceTree = "<group>";
		};
		205B862A1C1434D9003557D5 /* Testing */ = {
			isa = PBXGroup;
			children = (
				205B862B1C143514003557D5 /* CardTest.swift */,
				205B86431C16201F003557D5 /* String-Bean Testin'.swift */,
				202884B61C0EC48B000E92EE /* Testing Lab 001.playground */,
			);
			name = Testing;
			path = "Swift Euchre";
			sourceTree = "<group>";
		};
		205B86321C1435F8003557D5 /* A Swift Test */ = {
			isa = PBXGroup;
			children = (
				205B86331C1435F8003557D5 /* A_Swift_Test.swift */,
				205B86351C1435F8003557D5 /* Info.plist */,
			);
			path = "A Swift Test";
			sourceTree = "<group>";
		};
		205B863E1C155919003557D5 /* Card Core */ = {
			isa = PBXGroup;
			children = (
				20FAE5051C12AC2300C36D53 /* Card.swift */,
				207CCA021C1CE9AC0019E028 /* Card Collection.swift */,
				205B863C1C154145003557D5 /* Deck.swift */,
				205B863A1C15413D003557D5 /* Hand.swift */,
				205B863F1C15593B003557D5 /* Rank.swift */,
				205B86411C155943003557D5 /* Suit.swift */,
				207CCA041C1FF8750019E028 /* Trick.swift */,
			);
			name = "Card Core";
			sourceTree = "<group>";
		};
		207CCA061C1FF88F0019E028 /* Controls */ = {
			isa = PBXGroup;
			children = (
				204482951C2002610045D999 /* Menus.swift */,
				204482971C2002710045D999 /* Human Player.swift */,
				204482991C2002820045D999 /* Computer Player.swift */,
			);
			name = Controls;
			sourceTree = "<group>";
		};
/* End PBXGroup section */

/* Begin PBXNativeTarget section */
		2033178F1C0E6D7200FFD8C0 /* Swift Euchre */ = {
			isa = PBXNativeTarget;
			buildConfigurationList = 203317971C0E6D7200FFD8C0 /* Build configuration list for PBXNativeTarget "Swift Euchre" */;
			buildPhases = (
				2033178C1C0E6D7200FFD8C0 /* Sources */,
				2033178D1C0E6D7200FFD8C0 /* Frameworks */,
				2033178E1C0E6D7200FFD8C0 /* CopyFiles */,
			);
			buildRules = (
			);
			dependencies = (
			);
			name = "Swift Euchre";
			productName = "Swift Euchre";
			productReference = 203317901C0E6D7200FFD8C0 /* Swift Euchre */;
			productType = "com.apple.product-type.tool";
		};
		205B86301C1435F7003557D5 /* A Swift Test */ = {
			isa = PBXNativeTarget;
			buildConfigurationList = 205B86361C1435F8003557D5 /* Build configuration list for PBXNativeTarget "A Swift Test" */;
			buildPhases = (
				205B862D1C1435F7003557D5 /* Sources */,
				205B862E1C1435F7003557D5 /* Frameworks */,
				205B862F1C1435F7003557D5 /* Resources */,
			);
			buildRules = (
			);
			dependencies = (
			);
			name = "A Swift Test";
			productName = "A Swift Test";
			productReference = 205B86311C1435F8003557D5 /* A Swift Test.xctest */;
			productType = "com.apple.product-type.bundle.unit-test";
		};
/* End PBXNativeTarget section */

/* Begin PBXProject section */
		203317881C0E6D7100FFD8C0 /* Project object */ = {
			isa = PBXProject;
			attributes = {
				LastSwiftUpdateCheck = 0710;
				LastUpgradeCheck = 0710;
				ORGANIZATIONNAME = "Euchre US!";
				TargetAttributes = {
					2033178F1C0E6D7200FFD8C0 = {
						CreatedOnToolsVersion = 7.1.1;
					};
					205B86301C1435F7003557D5 = {
						CreatedOnToolsVersion = 7.1.1;
					};
				};
			};
			buildConfigurationList = 2033178B1C0E6D7100FFD8C0 /* Build configuration list for PBXProject "Swift Euchre" */;
			compatibilityVersion = "Xcode 3.2";
			developmentRegion = English;
			hasScannedForEncodings = 0;
			knownRegions = (
				en,
			);
			mainGroup = 203317871C0E6D7100FFD8C0;
			productRefGroup = 203317911C0E6D7200FFD8C0 /* Products */;
			projectDirPath = "";
			projectRoot = "";
			targets = (
				2033178F1C0E6D7200FFD8C0 /* Swift Euchre */,
				205B86301C1435F7003557D5 /* A Swift Test */,
			);
		};
/* End PBXProject section */

/* Begin PBXResourcesBuildPhase section */
		205B862F1C1435F7003557D5 /* Resources */ = {
			isa = PBXResourcesBuildPhase;
			buildActionMask = 2147483647;
			files = (
			);
			runOnlyForDeploymentPostprocessing = 0;
		};
/* End PBXResourcesBuildPhase section */

/* Begin PBXSourcesBuildPhase section */
		2033178C1C0E6D7200FFD8C0 /* Sources */ = {
			isa = PBXSourcesBuildPhase;
			buildActionMask = 2147483647;
			files = (
				204482941C2000DD0045D999 /* Player.swift in Sources */,
				205B86421C155943003557D5 /* Suit.swift in Sources */,
				204482961C2002610045D999 /* Menus.swift in Sources */,
				205B863D1C154145003557D5 /* Deck.swift in Sources */,
				203317941C0E6D7200FFD8C0 /* main.swift in Sources */,
				207CCA051C1FF8760019E028 /* Trick.swift in Sources */,
				204482981C2002710045D999 /* Human Player.swift in Sources */,
				207CCA031C1CE9AC0019E028 /* Card Collection.swift in Sources */,
				2044829A1C2002820045D999 /* Computer Player.swift in Sources */,
				20FAE5061C12AC2300C36D53 /* Card.swift in Sources */,
				205B863B1C15413D003557D5 /* Hand.swift in Sources */,
				205B86401C15593B003557D5 /* Rank.swift in Sources */,
			);
			runOnlyForDeploymentPostprocessing = 0;
		};
		205B862D1C1435F7003557D5 /* Sources */ = {
			isa = PBXSourcesBuildPhase;
			buildActionMask = 2147483647;
			files = (
				205B86341C1435F8003557D5 /* A_Swift_Test.swift in Sources */,
				205B86441C16201F003557D5 /* String-Bean Testin'.swift in Sources */,
				205B86391C143601003557D5 /* CardTest.swift in Sources */,
			);
			runOnlyForDeploymentPostprocessing = 0;
		};
/* End PBXSourcesBuildPhase section */

/* Begin XCBuildConfiguration section */
		203317951C0E6D7200FFD8C0 /* Debug */ = {
			isa = XCBuildConfiguration;
			buildSettings = {
				ALWAYS_SEARCH_USER_PATHS = NO;
				CLANG_CXX_LANGUAGE_STANDARD = "gnu++0x";
				CLANG_CXX_LIBRARY = "libc++";
				CLANG_ENABLE_MODULES = YES;
				CLANG_ENABLE_OBJC_ARC = YES;
				CLANG_WARN_BOOL_CONVERSION = YES;
				CLANG_WARN_CONSTANT_CONVERSION = YES;
				CLANG_WARN_DIRECT_OBJC_ISA_USAGE = YES_ERROR;
				CLANG_WARN_EMPTY_BODY = YES;
				CLANG_WARN_ENUM_CONVERSION = YES;
				CLANG_WARN_INT_CONVERSION = YES;
				CLANG_WARN_OBJC_ROOT_CLASS = YES_ERROR;
				CLANG_WARN_UNREACHABLE_CODE = YES;
				CLANG_WARN__DUPLICATE_METHOD_MATCH = YES;
				CODE_SIGN_IDENTITY = "-";
				COPY_PHASE_STRIP = NO;
				DEBUG_INFORMATION_FORMAT = dwarf;
				ENABLE_STRICT_OBJC_MSGSEND = YES;
				ENABLE_TESTABILITY = YES;
				GCC_C_LANGUAGE_STANDARD = gnu99;
				GCC_DYNAMIC_NO_PIC = NO;
				GCC_NO_COMMON_BLOCKS = YES;
				GCC_OPTIMIZATION_LEVEL = 0;
				GCC_PREPROCESSOR_DEFINITIONS = (
					"DEBUG=1",
					"$(inherited)",
				);
				GCC_WARN_64_TO_32_BIT_CONVERSION = YES;
				GCC_WARN_ABOUT_RETURN_TYPE = YES_ERROR;
				GCC_WARN_UNDECLARED_SELECTOR = YES;
				GCC_WARN_UNINITIALIZED_AUTOS = YES_AGGRESSIVE;
				GCC_WARN_UNUSED_FUNCTION = YES;
				GCC_WARN_UNUSED_VARIABLE = YES;
				MACOSX_DEPLOYMENT_TARGET = 10.11;
				MTL_ENABLE_DEBUG_INFO = YES;
				ONLY_ACTIVE_ARCH = YES;
				SDKROOT = macosx;
				SWIFT_OPTIMIZATION_LEVEL = "-Onone";
			};
			name = Debug;
		};
		203317961C0E6D7200FFD8C0 /* Release */ = {
			isa = XCBuildConfiguration;
			buildSettings = {
				ALWAYS_SEARCH_USER_PATHS = NO;
				CLANG_CXX_LANGUAGE_STANDARD = "gnu++0x";
				CLANG_CXX_LIBRARY = "libc++";
				CLANG_ENABLE_MODULES = YES;
				CLANG_ENABLE_OBJC_ARC = YES;
				CLANG_WARN_BOOL_CONVERSION = YES;
				CLANG_WARN_CONSTANT_CONVERSION = YES;
				CLANG_WARN_DIRECT_OBJC_ISA_USAGE = YES_ERROR;
				CLANG_WARN_EMPTY_BODY = YES;
				CLANG_WARN_ENUM_CONVERSION = YES;
				CLANG_WARN_INT_CONVERSION = YES;
				CLANG_WARN_OBJC_ROOT_CLASS = YES_ERROR;
				CLANG_WARN_UNREACHABLE_CODE = YES;
				CLANG_WARN__DUPLICATE_METHOD_MATCH = YES;
				CODE_SIGN_IDENTITY = "-";
				COPY_PHASE_STRIP = NO;
				DEBUG_INFORMATION_FORMAT = "dwarf-with-dsym";
				ENABLE_NS_ASSERTIONS = NO;
				ENABLE_STRICT_OBJC_MSGSEND = YES;
				GCC_C_LANGUAGE_STANDARD = gnu99;
				GCC_NO_COMMON_BLOCKS = YES;
				GCC_WARN_64_TO_32_BIT_CONVERSION = YES;
				GCC_WARN_ABOUT_RETURN_TYPE = YES_ERROR;
				GCC_WARN_UNDECLARED_SELECTOR = YES;
				GCC_WARN_UNINITIALIZED_AUTOS = YES_AGGRESSIVE;
				GCC_WARN_UNUSED_FUNCTION = YES;
				GCC_WARN_UNUSED_VARIABLE = YES;
				MACOSX_DEPLOYMENT_TARGET = 10.11;
				MTL_ENABLE_DEBUG_INFO = NO;
				SDKROOT = macosx;
			};
			name = Release;
		};
		203317981C0E6D7200FFD8C0 /* Debug */ = {
			isa = XCBuildConfiguration;
			buildSettings = {
				PRODUCT_NAME = "$(TARGET_NAME)";
			};
			name = Debug;
		};
		203317991C0E6D7200FFD8C0 /* Release */ = {
			isa = XCBuildConfiguration;
			buildSettings = {
				PRODUCT_NAME = "$(TARGET_NAME)";
			};
			name = Release;
		};
		205B86371C1435F8003557D5 /* Debug */ = {
			isa = XCBuildConfiguration;
			buildSettings = {
				COMBINE_HIDPI_IMAGES = YES;
				INFOPLIST_FILE = "A Swift Test/Info.plist";
				LD_RUNPATH_SEARCH_PATHS = "$(inherited) @executable_path/../Frameworks @loader_path/../Frameworks";
				PRODUCT_BUNDLE_IDENTIFIER = "Euchre-US.A-Swift-Test";
				PRODUCT_NAME = "$(TARGET_NAME)";
			};
			name = Debug;
		};
		205B86381C1435F8003557D5 /* Release */ = {
			isa = XCBuildConfiguration;
			buildSettings = {
				COMBINE_HIDPI_IMAGES = YES;
				INFOPLIST_FILE = "A Swift Test/Info.plist";
				LD_RUNPATH_SEARCH_PATHS = "$(inherited) @executable_path/../Frameworks @loader_path/../Frameworks";
				PRODUCT_BUNDLE_IDENTIFIER = "Euchre-US.A-Swift-Test";
				PRODUCT_NAME = "$(TARGET_NAME)";
			};
			name = Release;
		};
/* End XCBuildConfiguration section */

/* Begin XCConfigurationList section */
		2033178B1C0E6D7100FFD8C0 /* Build configuration list for PBXProject "Swift Euchre" */ = {
			isa = XCConfigurationList;
			buildConfigurations = (
				203317951C0E6D7200FFD8C0 /* Debug */,
				203317961C0E6D7200FFD8C0 /* Release */,
			);
			defaultConfigurationIsVisible = 0;
			defaultConfigurationName = Release;
		};
		203317971C0E6D7200FFD8C0 /* Build configuration list for PBXNativeTarget "Swift Euchre" */ = {
			isa = XCConfigurationList;
			buildConfigurations = (
				203317981C0E6D7200FFD8C0 /* Debug */,
				203317991C0E6D7200FFD8C0 /* Release */,
			);
			defaultConfigurationIsVisible = 0;
			defaultConfigurationName = Release;
		};
		205B86361C1435F8003557D5 /* Build configuration list for PBXNativeTarget "A Swift Test" */ = {
			isa = XCConfigurationList;
			buildConfigurations = (
				205B86371C1435F8003557D5 /* Debug */,
				205B86381C1435F8003557D5 /* Release */,
			);
			defaultConfigurationIsVisible = 0;
			defaultConfigurationName = Release;
		};
/* End XCConfigurationList section */
	};
	rootObject = 203317881C0E6D7100FFD8C0 /* Project object */;
}
